{
  "lockfile_version": "1",
  "packages": {
    "github:NixOS/nixpkgs/nixpkgs-unstable": {
      "last_modified": "2026-03-15T17:58:12Z",
      "resolved": "github:NixOS/nixpkgs/a07d4ce6bee67d7c838a8a5796e75dff9caa21ef?lastModified=1773597492&narHash=sha256-hQ284SkIeNaeyud%2BLS0WVLX%2BWL2rxcVZLFEaK0e03zg%3D"
    },
    "go-task@latest": {
      "last_modified": "2026-02-23T15:40:43Z",
      "resolved": "github:NixOS/nixpkgs/80d901ec0377e19ac3f7bb8c035201e2e098cc97#go-task",
      "source": "devbox-search",
      "version": "3.48.0",
      "systems": {
        "aarch64-darwin": {
          "outputs": [
            {
              "name": "out",
              "path": "/nix/store/lwkw29yi53lijzfjqcp01jkaqa5493wi-go-task-3.48.0",
              "default": true
            }
          ],
          "store_path": "/nix/store/lwkw29yi53lijzfjqcp01jkaqa5493wi-go-task-3.48.0"
        },
        "aarch64-linux": {
          "outputs": [
            {
              "name": "out",
              "path": "/nix/store/f6g3n71njj281hawy8chz56c6dy6icb9-go-task-3.48.0",
              "default": true
            }
          ],
          "store_path": "/nix/store/f6g3n71njj281hawy8chz56c6dy6icb9-go-task-3.48.0"
        },
        "x86_64-darwin": {
          "outputs": [
            {
              "name": "out",
              "path": "/nix/store/8ncbi1skdp8x0h5abwxrawffknrascmq-go-task-3.48.0",
              "default": true
            }
          ],
          "store_path": "/nix/store/8ncbi1skdp8x0h5abwxrawffknrascmq-go-task-3.48.0"
        },
        "x86_64-linux": {
          "outputs": [
            {
              "name": "out",
              "path": "/nix/store/5divyc7qn687x3cyq5gnyh46vgx7g9by-go-task-3.48.0",
              "default": true
            }
          ],
          "store_path": "/nix/store/5divyc7qn687x3cyq5gnyh46vgx7g9by-go-task-3.48.0"
        }
      }
    },
    "hugo@latest": {
      "last_modified": "2026-02-23T15:40:43Z",
      "resolved": "github:NixOS/nixpkgs/80d901ec0377e19ac3f7bb8c035201e2e098cc97#hugo",
      "source": "devbox-search",
      "version": "0.155.3",
      "systems": {
        "aarch64-darwin": {
          "outputs": [
            {
              "name": "out",
              "path": "/nix/store/b6pd0yrbg5czwi993nn9bajxp4dvpnlj-hugo-0.155.3",
              "default": true
            }
          ],
          "store_path": "/nix/store/b6pd0yrbg5czwi993nn9bajxp4dvpnlj-hugo-0.155.3"
        },
        "aarch64-linux": {
          "outputs": [
            {
              "name": "out",
              "path": "/nix/store/c33ks8qpg3zh9wms2pqcgi3s4f4c58jq-hugo-0.155.3",
              "default": true
            }
          ],
          "store_path": "/nix/store/c33ks8qpg3zh9wms2pqcgi3s4f4c58jq-hugo-0.155.3"
        },
        "x86_64-darwin": {
          "outputs": [
            {
              "name": "out",
              "path": "/nix/store/361s37bsqladwq5qiq42c8grkzrzhf3h-hugo-0.155.3",
              "default": true
            }
          ],
          "store_path": "/nix/store/361s37bsqladwq5qiq42c8grkzrzhf3h-hugo-0.155.3"
        },
        "x86_64-linux": {
          "outputs": [
            {
              "name": "out",
              "path": "/nix/store/bfv4cy2187qx89xkb2659dg283bwfyyz-hugo-0.155.3",
              "default": true
            }
          ],
          "store_path": "/nix/store/bfv4cy2187qx89xkb2659dg283bwfyyz-hugo-0.155.3"
        }
      }
    }
  }
}
